
Microsoft Visual Studio Solution File, Format Version 12.00
# Visual Studio Version 16
VisualStudioVersion = 16.0.30907.101
MinimumVisualStudioVersion = 10.0.40219.1
Project("{888888A0-9F3D-457C-B088-3A5042F75D52}") = "PokerHandProbabilities", "PokerHandProbabilities.pyproj", "{9B5712D3-E7C6-4BC0-94EA-41C0243E0D76}"
EndProject
Global
	GlobalSection(SolutionConfigurationPlatforms) = preSolution
		Debug|Any CPU = Debug|Any CPU
		Release|Any CPU = Release|Any CPU
	EndGlobalSection
	GlobalSection(ProjectConfigurationPlatforms) = postSolution
		{9B5712D3-E7C6-4BC0-94EA-41C0243E0D76}.Debug|Any CPU.ActiveCfg = Debug|Any CPU
		{9B5712D3-E7C6-4BC0-94EA-41C0243E0D76}.Release|Any CPU.ActiveCfg = Release|Any CPU
	EndGlobalSection
	GlobalSection(SolutionProperties) = preSolution
		HideSolutionNode = FALSE
	EndGlobalSection
	GlobalSection(ExtensibilityGlobals) = postSolution
		SolutionGuid = {7B998007-8DC6-4096-B5ED-9A6550B513CE}
	EndGlobalSection
EndGlobal
